// !$*UTF8*$!
{
	archiveVersion = 1;
	classes = {
	};
	objectVersion = 46;
	objects = {

/* Begin PBXBuildFile section */
		099801001E3B9D7F00F8224D /* main.m in Sources */ = {isa = PBXBuildFile; fileRef = 099800FF1E3B9D7F00F8224D /* main.m */; };
		099801081E3BB8ED00F8224D /* clientes.m in Sources */ = {isa = PBXBuildFile; fileRef = 099801071E3BB8ED00F8224D /* clientes.m */; };
/* End PBXBuildFile section */

/* Begin PBXCopyFilesBuildPhase section */
		099800FA1E3B9D7F00F8224D /* CopyFiles */ = {
			isa = PBXCopyFilesBuildPhase;
			buildActionMask = 2147483647;
			dstPath = /usr/share/man/man1/;
			dstSubfolderSpec = 0;
			files = (
			);
			runOnlyForDeploymentPostprocessing = 1;
		};
/* End PBXCopyFilesBuildPhase section */

/* Begin PBXFileReference section */
		099800FC1E3B9D7F00F8224D /* Programacion1 */ = {isa = PBXFileReference; explicitFileType = "compiled.mach-o.executable"; includeInIndex = 0; path = Programacion1; sourceTree = BUILT_PRODUCTS_DIR; };
		099800FF1E3B9D7F00F8224D /* main.m */ = {isa = PBXFileReference; lastKnownFileType = sourcecode.c.objc; path = main.m; sourceTree = "<group>"; };
		099801061E3BB8A200F8224D /* clientes.h */ = {isa = PBXFileReference; lastKnownFileType = sourcecode.c.h; path = clientes.h; sourceTree = "<group>"; };
		099801071E3BB8ED00F8224D /* clientes.m */ = {isa = PBXFileReference; fileEncoding = 4; lastKnownFileType = sourcecode.c.objc; path = clientes.m; sourceTree = "<group>"; };
/* End PBXFileReference section */

/* Begin PBXFrameworksBuildPhase section */
		099800F91E3B9D7F00F8224D /* Frameworks */ = {
			isa = PBXFrameworksBuildPhase;
			buildActionMask = 2147483647;
			files = (
			);
			runOnlyForDeploymentPostprocessing = 0;
		};
/* End PBXFrameworksBuildPhase section */

/* Begin PBXGroup section */
		099800F31E3B9D7F00F8224D = {
			isa = PBXGroup;
			children = (
				099800FE1E3B9D7F00F8224D /* Programacion1 */,
				099800FD1E3B9D7F00F8224D /* Products */,
			);
			sourceTree = "<group>";
		};
		099800FD1E3B9D7F00F8224D /* Products */ = {
			isa = PBXGroup;
			children = (
				099800FC1E3B9D7F00F8224D /* Programacion1 */,
			);
			name = Products;
			sourceTree = "<group>";
		};
		099800FE1E3B9D7F00F8224D /* Programacion1 */ = {
			isa = PBXGroup;
			children = (
				099800FF1E3B9D7F00F8224D /* main.m */,
				099801061E3BB8A200F8224D /* clientes.h */,
				099801071E3BB8ED00F8224D /* clientes.m */,
			);
			path = Programacion1;
			sourceTree = "<group>";
		};
/* End PBXGroup section */

/* Begin PBXNativeTarget section */
		099800FB1E3B9D7F00F8224D /* Programacion1 */ = {
			isa = PBXNativeTarget;
			buildConfigurationList = 099801031E3B9D7F00F8224D /* Build configuration list for PBXNativeTarget "Programacion1" */;
			buildPhases = (
				099800F81E3B9D7F00F8224D /* Sources */,
				099800F91E3B9D7F00F8224D /* Frameworks */,
				099800FA1E3B9D7F00F8224D /* CopyFiles */,
			);
			buildRules = (
			);
			dependencies = (
			);
			name = Programacion1;
			productName = Programacion1;
			productReference = 099800FC1E3B9D7F00F8224D /* Programacion1 */;
			productType = "com.apple.product-type.tool";
		};
/* End PBXNativeTarget section */

/* Begin PBXProject section */
		099800F41E3B9D7F00F8224D /* Project object */ = {
			isa = PBXProject;
			attributes = {
				LastUpgradeCheck = 0800;
				ORGANIZATIONNAME = cice;
				TargetAttributes = {
					099800FB1E3B9D7F00F8224D = {
						CreatedOnToolsVersion = 8.0;
						ProvisioningStyle = Automatic;
					};
				};
			};
			buildConfigurationList = 099800F71E3B9D7F00F8224D /* Build configuration list for PBXProject "Programacion1" */;
			compatibilityVersion = "Xcode 3.2";
			developmentRegion = English;
			hasScannedForEncodings = 0;
			knownRegions = (
				en,
			);
			mainGroup = 099800F31E3B9D7F00F8224D;
			productRefGroup = 099800FD1E3B9D7F00F8224D /* Products */;
			projectDirPath = "";
			projectRoot = "";
			targets = (
				099800FB1E3B9D7F00F8224D /* Programacion1 */,
			);
		};
/* End PBXProject section */

/* Begin PBXSourcesBuildPhase section */
		099800F81E3B9D7F00F8224D /* Sources */ = {
			isa = PBXSourcesBuildPhase;
			buildActionMask = 2147483647;
			files = (
				099801081E3BB8ED00F8224D /* clientes.m in Sources */,
				099801001E3B9D7F00F8224D /* main.m in Sources */,
			);
			runOnlyForDeploymentPostprocessing = 0;
		};
/* End PBXSourcesBuildPhase section */

/* Begin XCBuildConfiguration section */
		099801011E3B9D7F00F8224D /* Debug */ = {
			isa = XCBuildConfiguration;
			buildSettings = {
				ALWAYS_SEARCH_USER_PATHS = NO;
				CLANG_ANALYZER_NONNULL = YES;
				CLANG_CXX_LANGUAGE_STANDARD = "gnu++0x";
				CLANG_CXX_LIBRARY = "libc++";
				CLANG_ENABLE_MODULES = YES;
				CLANG_ENABLE_OBJC_ARC = YES;
				CLANG_WARN_BOOL_CONVERSION = YES;
				CLANG_WARN_CONSTANT_CONVERSION = YES;
				CLANG_WARN_DIRECT_OBJC_ISA_USAGE = YES_ERROR;
				CLANG_WARN_DOCUMENTATION_COMMENTS = YES;
				CLANG_WARN_EMPTY_BODY = YES;
				CLANG_WARN_ENUM_CONVERSION = YES;
				CLANG_WARN_INFINITE_RECURSION = YES;
				CLANG_WARN_INT_CONVERSION = YES;
				CLANG_WARN_OBJC_ROOT_CLASS = YES_ERROR;
				CLANG_WARN_SUSPICIOUS_MOVES = YES;
				CLANG_WARN_UNREACHABLE_CODE = YES;
				CLANG_WARN__DUPLICATE_METHOD_MATCH = YES;
				CODE_SIGN_IDENTITY = "-";
				COPY_PHASE_STRIP = NO;
				DEBUG_INFORMATION_FORMAT = dwarf;
				ENABLE_STRICT_OBJC_MSGSEND = YES;
				ENABLE_TESTABILITY = YES;
				GCC_C_LANGUAGE_STANDARD = gnu99;
				GCC_DYNAMIC_NO_PIC = NO;
				GCC_NO_COMMON_BLOCKS = YES;
				GCC_OPTIMIZATION_LEVEL = 0;
				GCC_PREPROCESSOR_DEFINITIONS = (
					"DEBUG=1",
					"$(inherited)",
				);
				GCC_WARN_64_TO_32_BIT_CONVERSION = YES;
				GCC_WARN_ABOUT_RETURN_TYPE = YES_ERROR;
				GCC_WARN_UNDECLARED_SELECTOR = YES;
				GCC_WARN_UNINITIALIZED_AUTOS = YES_AGGRESSIVE;
				GCC_WARN_UNUSED_FUNCTION = YES;
				GCC_WARN_UNUSED_VARIABLE = YES;
				MACOSX_DEPLOYMENT_TARGET = 10.11;
				MTL_ENABLE_DEBUG_INFO = YES;
				ONLY_ACTIVE_ARCH = YES;
				SDKROOT = macosx;
			};
			name = Debug;
		};
		099801021E3B9D7F00F8224D /* Release */ = {
			isa = XCBuildConfiguration;
			buildSettings = {
				ALWAYS_SEARCH_USER_PATHS = NO;
				CLANG_ANALYZER_NONNULL = YES;
				CLANG_CXX_LANGUAGE_STANDARD = "gnu++0x";
				CLANG_CXX_LIBRARY = "libc++";
				CLANG_ENABLE_MODULES = YES;
				CLANG_ENABLE_OBJC_ARC = YES;
				CLANG_WARN_BOOL_CONVERSION = YES;
				CLANG_WARN_CONSTANT_CONVERSION = YES;
				CLANG_WARN_DIRECT_OBJC_ISA_USAGE = YES_ERROR;
				CLANG_WARN_DOCUMENTATION_COMMENTS = YES;
				CLANG_WARN_EMPTY_BODY = YES;
				CLANG_WARN_ENUM_CONVERSION = YES;
				CLANG_WARN_INFINITE_RECURSION = YES;
				CLANG_WARN_INT_CONVERSION = YES;
				CLANG_WARN_OBJC_ROOT_CLASS = YES_ERROR;
				CLANG_WARN_SUSPICIOUS_MOVES = YES;
				CLANG_WARN_UNREACHABLE_CODE = YES;
				CLANG_WARN__DUPLICATE_METHOD_MATCH = YES;
				CODE_SIGN_IDENTITY = "-";
				COPY_PHASE_STRIP = NO;
				DEBUG_INFORMATION_FORMAT = "dwarf-with-dsym";
				ENABLE_NS_ASSERTIONS = NO;
				ENABLE_STRICT_OBJC_MSGSEND = YES;
				GCC_C_LANGUAGE_STANDARD = gnu99;
				GCC_NO_COMMON_BLOCKS = YES;
				GCC_WARN_64_TO_32_BIT_CONVERSION = YES;
				GCC_WARN_ABOUT_RETURN_TYPE = YES_ERROR;
				GCC_WARN_UNDECLARED_SELECTOR = YES;
				GCC_WARN_UNINITIALIZED_AUTOS = YES_AGGRESSIVE;
				GCC_WARN_UNUSED_FUNCTION = YES;
				GCC_WARN_UNUSED_VARIABLE = YES;
				MACOSX_DEPLOYMENT_TARGET = 10.11;
				MTL_ENABLE_DEBUG_INFO = NO;
				SDKROOT = macosx;
			};
			name = Release;
		};
		099801041E3B9D7F00F8224D /* Debug */ = {
			isa = XCBuildConfiguration;
			buildSettings = {
				PRODUCT_NAME = "$(TARGET_NAME)";
			};
			name = Debug;
		};
		099801051E3B9D7F00F8224D /* Release */ = {
			isa = XCBuildConfiguration;
			buildSettings = {
				PRODUCT_NAME = "$(TARGET_NAME)";
			};
			name = Release;
		};
/* End XCBuildConfiguration section */

/* Begin XCConfigurationList section */
		099800F71E3B9D7F00F8224D /* Build configuration list for PBXProject "Programacion1" */ = {
			isa = XCConfigurationList;
			buildConfigurations = (
				099801011E3B9D7F00F8224D /* Debug */,
				099801021E3B9D7F00F8224D /* Release */,
			);
			defaultConfigurationIsVisible = 0;
			defaultConfigurationName = Release;
		};
		099801031E3B9D7F00F8224D /* Build configuration list for PBXNativeTarget "Programacion1" */ = {
			isa = XCConfigurationList;
			buildConfigurations = (
				099801041E3B9D7F00F8224D /* Debug */,
				099801051E3B9D7F00F8224D /* Release */,
			);
			defaultConfigurationIsVisible = 0;
		};
/* End XCConfigurationList section */
	};
	rootObject = 099800F41E3B9D7F00F8224D /* Project object */;
}
